
Microsoft Visual Studio Solution File, Format Version 12.00
# Visual Studio Version 17
VisualStudioVersion = 17.3.32819.101
MinimumVisualStudioVersion = 10.0.40219.1
Project("{2150E333-8FDC-42A3-9474-1A3956D46DE8}") = "Services", "Services", "{2433F085-B884-4543-BD67-2801035D9151}"
EndProject
Project("{9A19103F-16F7-4668-BE54-9A1E7A4F7556}") = "Mikro.Task.Services.Api", "Services\Mikro.Task.Services.Api\Mikro.Task.Services.Api.csproj", "{641EFDB7-331F-4385-B9EE-8785E9B67663}"
EndProject
Project("{9A19103F-16F7-4668-BE54-9A1E7A4F7556}") = "Mikro.Task.Services.Domain", "Services\Mikro.Task.Services.Domain\Mikro.Task.Services.Domain.csproj", "{83AA90AC-538D-4231-921D-98530E4D310C}"
EndProject
Project("{9A19103F-16F7-4668-BE54-9A1E7A4F7556}") = "Mikro.Task.Services.Db", "Services\Mikro.Task.Services.Db\Mikro.Task.Services.Db.csproj", "{3905CA07-73A1-4E84-BF59-2C2B18100556}"
EndProject
Project("{9A19103F-16F7-4668-BE54-9A1E7A4F7556}") = "Mikro.Task.Services.Application", "Services\Mikro.Task.Services.Application\Mikro.Task.Services.Application.csproj", "{FD6994E1-125F-4E10-B3AB-1BA81A037405}"
EndProject
Project("{2150E333-8FDC-42A3-9474-1A3956D46DE8}") = "Solution Items", "Solution Items", "{746B6028-737C-4364-BDBD-4118BEB1B14B}"
	ProjectSection(SolutionItems) = preProject
		db.txt = db.txt
		README.md = README.md
	EndProjectSection
EndProject
Project("{2150E333-8FDC-42A3-9474-1A3956D46DE8}") = "Test", "Test", "{B7E4AB62-19C1-484B-85C5-698269EADE6B}"
EndProject
Project("{9A19103F-16F7-4668-BE54-9A1E7A4F7556}") = "Mikro.Task.Test", "Test\Mikro.Task.Test\Mikro.Task.Test.csproj", "{E0C33039-6B1E-4CB7-B95A-F66989CA85FF}"
EndProject
Global
	GlobalSection(SolutionConfigurationPlatforms) = preSolution
		Debug|Any CPU = Debug|Any CPU
		Release|Any CPU = Release|Any CPU
	EndGlobalSection
	GlobalSection(ProjectConfigurationPlatforms) = postSolution
		{641EFDB7-331F-4385-B9EE-8785E9B67663}.Debug|Any CPU.ActiveCfg = Debug|Any CPU
		{641EFDB7-331F-4385-B9EE-8785E9B67663}.Debug|Any CPU.Build.0 = Debug|Any CPU
		{641EFDB7-331F-4385-B9EE-8785E9B67663}.Release|Any CPU.ActiveCfg = Release|Any CPU
		{641EFDB7-331F-4385-B9EE-8785E9B67663}.Release|Any CPU.Build.0 = Release|Any CPU
		{83AA90AC-538D-4231-921D-98530E4D310C}.Debug|Any CPU.ActiveCfg = Debug|Any CPU
		{83AA90AC-538D-4231-921D-98530E4D310C}.Debug|Any CPU.Build.0 = Debug|Any CPU
		{83AA90AC-538D-4231-921D-98530E4D310C}.Release|Any CPU.ActiveCfg = Release|Any CPU
		{83AA90AC-538D-4231-921D-98530E4D310C}.Release|Any CPU.Build.0 = Release|Any CPU
		{3905CA07-73A1-4E84-BF59-2C2B18100556}.Debug|Any CPU.ActiveCfg = Debug|Any CPU
		{3905CA07-73A1-4E84-BF59-2C2B18100556}.Debug|Any CPU.Build.0 = Debug|Any CPU
		{3905CA07-73A1-4E84-BF59-2C2B18100556}.Release|Any CPU.ActiveCfg = Release|Any CPU
		{3905CA07-73A1-4E84-BF59-2C2B18100556}.Release|Any CPU.Build.0 = Release|Any CPU
		{FD6994E1-125F-4E10-B3AB-1BA81A037405}.Debug|Any CPU.ActiveCfg = Debug|Any CPU
		{FD6994E1-125F-4E10-B3AB-1BA81A037405}.Debug|Any CPU.Build.0 = Debug|Any CPU
		{FD6994E1-125F-4E10-B3AB-1BA81A037405}.Release|Any CPU.ActiveCfg = Release|Any CPU
		{FD6994E1-125F-4E10-B3AB-1BA81A037405}.Release|Any CPU.Build.0 = Release|Any CPU
		{E0C33039-6B1E-4CB7-B95A-F66989CA85FF}.Debug|Any CPU.ActiveCfg = Debug|Any CPU
		{E0C33039-6B1E-4CB7-B95A-F66989CA85FF}.Debug|Any CPU.Build.0 = Debug|Any CPU
		{E0C33039-6B1E-4CB7-B95A-F66989CA85FF}.Release|Any CPU.ActiveCfg = Release|Any CPU
		{E0C33039-6B1E-4CB7-B95A-F66989CA85FF}.Release|Any CPU.Build.0 = Release|Any CPU
	EndGlobalSection
	GlobalSection(SolutionProperties) = preSolution
		HideSolutionNode = FALSE
	EndGlobalSection
	GlobalSection(NestedProjects) = preSolution
		{641EFDB7-331F-4385-B9EE-8785E9B67663} = {2433F085-B884-4543-BD67-2801035D9151}
		{83AA90AC-538D-4231-921D-98530E4D310C} = {2433F085-B884-4543-BD67-2801035D9151}
		{3905CA07-73A1-4E84-BF59-2C2B18100556} = {2433F085-B884-4543-BD67-2801035D9151}
		{FD6994E1-125F-4E10-B3AB-1BA81A037405} = {2433F085-B884-4543-BD67-2801035D9151}
		{E0C33039-6B1E-4CB7-B95A-F66989CA85FF} = {B7E4AB62-19C1-484B-85C5-698269EADE6B}
	EndGlobalSection
	GlobalSection(ExtensibilityGlobals) = postSolution
		SolutionGuid = {39E8B462-3817-4D47-BB67-959A0A5EE4B9}
	EndGlobalSection
EndGlobal
